// !$*UTF8*$!
{
	archiveVersion = 1;
	classes = {
	};
	objectVersion = 56;
	objects = {

/* Begin PBXBuildFile section */
		C03A6A612B8E5331008E8380 /* Medication_ReminderApp.swift in Sources */ = {isa = PBXBuildFile; fileRef = C03A6A602B8E5331008E8380 /* Medication_ReminderApp.swift */; };
		C03A6A672B8E5332008E8380 /* Assets.xcassets in Resources */ = {isa = PBXBuildFile; fileRef = C03A6A662B8E5332008E8380 /* Assets.xcassets */; };
		C03A6A6A2B8E5332008E8380 /* Preview Assets.xcassets in Resources */ = {isa = PBXBuildFile; fileRef = C03A6A692B8E5332008E8380 /* Preview Assets.xcassets */; };
		C03A6A742B8E5332008E8380 /* Medication_ReminderTests.swift in Sources */ = {isa = PBXBuildFile; fileRef = C03A6A732B8E5332008E8380 /* Medication_ReminderTests.swift */; };
		C03A6A7E2B8E5332008E8380 /* Medication_ReminderUITests.swift in Sources */ = {isa = PBXBuildFile; fileRef = C03A6A7D2B8E5332008E8380 /* Medication_ReminderUITests.swift */; };
		C03A6A802B8E5332008E8380 /* Medication_ReminderUITestsLaunchTests.swift in Sources */ = {isa = PBXBuildFile; fileRef = C03A6A7F2B8E5332008E8380 /* Medication_ReminderUITestsLaunchTests.swift */; };
		C070F7B12BD1839E00824B8C /* MedicationDashboard.swift in Sources */ = {isa = PBXBuildFile; fileRef = C070F7B02BD1839E00824B8C /* MedicationDashboard.swift */; };
		C0D1FDBC2BC8A51100F5E6CE /* medication.swift in Sources */ = {isa = PBXBuildFile; fileRef = C0D1FDBB2BC8A51100F5E6CE /* medication.swift */; };
		C0D1FDC72BC8E27600F5E6CE /* EditMedicationView.swift in Sources */ = {isa = PBXBuildFile; fileRef = C0D1FDC62BC8E27600F5E6CE /* EditMedicationView.swift */; };
/* End PBXBuildFile section */

/* Begin PBXContainerItemProxy section */
		C03A6A702B8E5332008E8380 /* PBXContainerItemProxy */ = {
			isa = PBXContainerItemProxy;
			containerPortal = C03A6A552B8E5331008E8380 /* Project object */;
			proxyType = 1;
			remoteGlobalIDString = C03A6A5C2B8E5331008E8380;
			remoteInfo = "Medication Reminder";
		};
		C03A6A7A2B8E5332008E8380 /* PBXContainerItemProxy */ = {
			isa = PBXContainerItemProxy;
			containerPortal = C03A6A552B8E5331008E8380 /* Project object */;
			proxyType = 1;
			remoteGlobalIDString = C03A6A5C2B8E5331008E8380;
			remoteInfo = "Medication Reminder";
		};
/* End PBXContainerItemProxy section */

/* Begin PBXFileReference section */
		C03A6A5D2B8E5331008E8380 /* Medication Reminder.app */ = {isa = PBXFileReference; explicitFileType = wrapper.application; includeInIndex = 0; path = "Medication Reminder.app"; sourceTree = BUILT_PRODUCTS_DIR; };
		C03A6A602B8E5331008E8380 /* Medication_ReminderApp.swift */ = {isa = PBXFileReference; lastKnownFileType = sourcecode.swift; path = Medication_ReminderApp.swift; sourceTree = "<group>"; };
		C03A6A662B8E5332008E8380 /* Assets.xcassets */ = {isa = PBXFileReference; lastKnownFileType = folder.assetcatalog; path = Assets.xcassets; sourceTree = "<group>"; };
		C03A6A692B8E5332008E8380 /* Preview Assets.xcassets */ = {isa = PBXFileReference; lastKnownFileType = folder.assetcatalog; path = "Preview Assets.xcassets"; sourceTree = "<group>"; };
		C03A6A6F2B8E5332008E8380 /* Medication ReminderTests.xctest */ = {isa = PBXFileReference; explicitFileType = wrapper.cfbundle; includeInIndex = 0; path = "Medication ReminderTests.xctest"; sourceTree = BUILT_PRODUCTS_DIR; };
		C03A6A732B8E5332008E8380 /* Medication_ReminderTests.swift */ = {isa = PBXFileReference; lastKnownFileType = sourcecode.swift; path = Medication_ReminderTests.swift; sourceTree = "<group>"; };
		C03A6A792B8E5332008E8380 /* Medication ReminderUITests.xctest */ = {isa = PBXFileReference; explicitFileType = wrapper.cfbundle; includeInIndex = 0; path = "Medication ReminderUITests.xctest"; sourceTree = BUILT_PRODUCTS_DIR; };
		C03A6A7D2B8E5332008E8380 /* Medication_ReminderUITests.swift */ = {isa = PBXFileReference; lastKnownFileType = sourcecode.swift; path = Medication_ReminderUITests.swift; sourceTree = "<group>"; };
		C03A6A7F2B8E5332008E8380 /* Medication_ReminderUITestsLaunchTests.swift */ = {isa = PBXFileReference; lastKnownFileType = sourcecode.swift; path = Medication_ReminderUITestsLaunchTests.swift; sourceTree = "<group>"; };
		C070F7B02BD1839E00824B8C /* MedicationDashboard.swift */ = {isa = PBXFileReference; lastKnownFileType = sourcecode.swift; path = MedicationDashboard.swift; sourceTree = "<group>"; };
		C0D1FDBB2BC8A51100F5E6CE /* medication.swift */ = {isa = PBXFileReference; lastKnownFileType = sourcecode.swift; path = medication.swift; sourceTree = "<group>"; };
		C0D1FDBD2BC8A89600F5E6CE /* Medication-Reminder-Info.plist */ = {isa = PBXFileReference; lastKnownFileType = text.plist; path = "Medication-Reminder-Info.plist"; sourceTree = SOURCE_ROOT; };
		C0D1FDC62BC8E27600F5E6CE /* EditMedicationView.swift */ = {isa = PBXFileReference; lastKnownFileType = sourcecode.swift; path = EditMedicationView.swift; sourceTree = "<group>"; };
/* End PBXFileReference section */

/* Begin PBXFrameworksBuildPhase section */
		C03A6A5A2B8E5331008E8380 /* Frameworks */ = {
			isa = PBXFrameworksBuildPhase;
			buildActionMask = 2147483647;
			files = (
			);
			runOnlyForDeploymentPostprocessing = 0;
		};
		C03A6A6C2B8E5332008E8380 /* Frameworks */ = {
			isa = PBXFrameworksBuildPhase;
			buildActionMask = 2147483647;
			files = (
			);
			runOnlyForDeploymentPostprocessing = 0;
		};
		C03A6A762B8E5332008E8380 /* Frameworks */ = {
			isa = PBXFrameworksBuildPhase;
			buildActionMask = 2147483647;
			files = (
			);
			runOnlyForDeploymentPostprocessing = 0;
		};
/* End PBXFrameworksBuildPhase section */

/* Begin PBXGroup section */
		C03A6A542B8E5331008E8380 = {
			isa = PBXGroup;
			children = (
				C03A6A5F2B8E5331008E8380 /* Medication Reminder */,
				C03A6A722B8E5332008E8380 /* Medication ReminderTests */,
				C03A6A7C2B8E5332008E8380 /* Medication ReminderUITests */,
				C03A6A5E2B8E5331008E8380 /* Products */,
			);
			sourceTree = "<group>";
		};
		C03A6A5E2B8E5331008E8380 /* Products */ = {
			isa = PBXGroup;
			children = (
				C03A6A5D2B8E5331008E8380 /* Medication Reminder.app */,
				C03A6A6F2B8E5332008E8380 /* Medication ReminderTests.xctest */,
				C03A6A792B8E5332008E8380 /* Medication ReminderUITests.xctest */,
			);
			name = Products;
			sourceTree = "<group>";
		};
		C03A6A5F2B8E5331008E8380 /* Medication Reminder */ = {
			isa = PBXGroup;
			children = (
				C0D1FDBD2BC8A89600F5E6CE /* Medication-Reminder-Info.plist */,
				C03A6A602B8E5331008E8380 /* Medication_ReminderApp.swift */,
				C070F7B02BD1839E00824B8C /* MedicationDashboard.swift */,
				C0D1FDC62BC8E27600F5E6CE /* EditMedicationView.swift */,
				C0D1FDBB2BC8A51100F5E6CE /* medication.swift */,
				C03A6A662B8E5332008E8380 /* Assets.xcassets */,
				C03A6A682B8E5332008E8380 /* Preview Content */,
			);
			path = "Medication Reminder";
			sourceTree = "<group>";
		};
		C03A6A682B8E5332008E8380 /* Preview Content */ = {
			isa = PBXGroup;
			children = (
				C03A6A692B8E5332008E8380 /* Preview Assets.xcassets */,
			);
			path = "Preview Content";
			sourceTree = "<group>";
		};
		C03A6A722B8E5332008E8380 /* Medication ReminderTests */ = {
			isa = PBXGroup;
			children = (
				C03A6A732B8E5332008E8380 /* Medication_ReminderTests.swift */,
			);
			path = "Medication ReminderTests";
			sourceTree = "<group>";
		};
		C03A6A7C2B8E5332008E8380 /* Medication ReminderUITests */ = {
			isa = PBXGroup;
			children = (
				C03A6A7D2B8E5332008E8380 /* Medication_ReminderUITests.swift */,
				C03A6A7F2B8E5332008E8380 /* Medication_ReminderUITestsLaunchTests.swift */,
			);
			path = "Medication ReminderUITests";
			sourceTree = "<group>";
		};
/* End PBXGroup section */

/* Begin PBXNativeTarget section */
		C03A6A5C2B8E5331008E8380 /* Medication Reminder */ = {
			isa = PBXNativeTarget;
			buildConfigurationList = C03A6A832B8E5332008E8380 /* Build configuration list for PBXNativeTarget "Medication Reminder" */;
			buildPhases = (
				C03A6A592B8E5331008E8380 /* Sources */,
				C03A6A5A2B8E5331008E8380 /* Frameworks */,
				C03A6A5B2B8E5331008E8380 /* Resources */,
			);
			buildRules = (
			);
			dependencies = (
			);
			name = "Medication Reminder";
			productName = "Medication Reminder";
			productReference = C03A6A5D2B8E5331008E8380 /* Medication Reminder.app */;
			productType = "com.apple.product-type.application";
		};
		C03A6A6E2B8E5332008E8380 /* Medication ReminderTests */ = {
			isa = PBXNativeTarget;
			buildConfigurationList = C03A6A862B8E5332008E8380 /* Build configuration list for PBXNativeTarget "Medication ReminderTests" */;
			buildPhases = (
				C03A6A6B2B8E5332008E8380 /* Sources */,
				C03A6A6C2B8E5332008E8380 /* Frameworks */,
				C03A6A6D2B8E5332008E8380 /* Resources */,
			);
			buildRules = (
			);
			dependencies = (
				C03A6A712B8E5332008E8380 /* PBXTargetDependency */,
			);
			name = "Medication ReminderTests";
			productName = "Medication ReminderTests";
			productReference = C03A6A6F2B8E5332008E8380 /* Medication ReminderTests.xctest */;
			productType = "com.apple.product-type.bundle.unit-test";
		};
		C03A6A782B8E5332008E8380 /* Medication ReminderUITests */ = {
			isa = PBXNativeTarget;
			buildConfigurationList = C03A6A892B8E5332008E8380 /* Build configuration list for PBXNativeTarget "Medication ReminderUITests" */;
			buildPhases = (
				C03A6A752B8E5332008E8380 /* Sources */,
				C03A6A762B8E5332008E8380 /* Frameworks */,
				C03A6A772B8E5332008E8380 /* Resources */,
			);
			buildRules = (
			);
			dependencies = (
				C03A6A7B2B8E5332008E8380 /* PBXTargetDependency */,
			);
			name = "Medication ReminderUITests";
			productName = "Medication ReminderUITests";
			productReference = C03A6A792B8E5332008E8380 /* Medication ReminderUITests.xctest */;
			productType = "com.apple.product-type.bundle.ui-testing";
		};
/* End PBXNativeTarget section */

/* Begin PBXProject section */
		C03A6A552B8E5331008E8380 /* Project object */ = {
			isa = PBXProject;
			attributes = {
				BuildIndependentTargetsInParallel = 1;
				LastSwiftUpdateCheck = 1520;
				LastUpgradeCheck = 1520;
				TargetAttributes = {
					C03A6A5C2B8E5331008E8380 = {
						CreatedOnToolsVersion = 15.2;
					};
					C03A6A6E2B8E5332008E8380 = {
						CreatedOnToolsVersion = 15.2;
						TestTargetID = C03A6A5C2B8E5331008E8380;
					};
					C03A6A782B8E5332008E8380 = {
						CreatedOnToolsVersion = 15.2;
						TestTargetID = C03A6A5C2B8E5331008E8380;
					};
				};
			};
			buildConfigurationList = C03A6A582B8E5331008E8380 /* Build configuration list for PBXProject "Medication Reminder" */;
			compatibilityVersion = "Xcode 14.0";
			developmentRegion = en;
			hasScannedForEncodings = 0;
			knownRegions = (
				en,
				Base,
			);
			mainGroup = C03A6A542B8E5331008E8380;
			productRefGroup = C03A6A5E2B8E5331008E8380 /* Products */;
			projectDirPath = "";
			projectRoot = "";
			targets = (
				C03A6A5C2B8E5331008E8380 /* Medication Reminder */,
				C03A6A6E2B8E5332008E8380 /* Medication ReminderTests */,
				C03A6A782B8E5332008E8380 /* Medication ReminderUITests */,
			);
		};
/* End PBXProject section */

/* Begin PBXResourcesBuildPhase section */
		C03A6A5B2B8E5331008E8380 /* Resources */ = {
			isa = PBXResourcesBuildPhase;
			buildActionMask = 2147483647;
			files = (
				C03A6A6A2B8E5332008E8380 /* Preview Assets.xcassets in Resources */,
				C03A6A672B8E5332008E8380 /* Assets.xcassets in Resources */,
			);
			runOnlyForDeploymentPostprocessing = 0;
		};
		C03A6A6D2B8E5332008E8380 /* Resources */ = {
			isa = PBXResourcesBuildPhase;
			buildActionMask = 2147483647;
			files = (
			);
			runOnlyForDeploymentPostprocessing = 0;
		};
		C03A6A772B8E5332008E8380 /* Resources */ = {
			isa = PBXResourcesBuildPhase;
			buildActionMask = 2147483647;
			files = (
			);
			runOnlyForDeploymentPostprocessing = 0;
		};
/* End PBXResourcesBuildPhase section */

/* Begin PBXSourcesBuildPhase section */
		C03A6A592B8E5331008E8380 /* Sources */ = {
			isa = PBXSourcesBuildPhase;
			buildActionMask = 2147483647;
			files = (
				C070F7B12BD1839E00824B8C /* MedicationDashboard.swift in Sources */,
				C0D1FDC72BC8E27600F5E6CE /* EditMedicationView.swift in Sources */,
				C0D1FDBC2BC8A51100F5E6CE /* medication.swift in Sources */,
				C03A6A612B8E5331008E8380 /* Medication_ReminderApp.swift in Sources */,
			);
			runOnlyForDeploymentPostprocessing = 0;
		};
		C03A6A6B2B8E5332008E8380 /* Sources */ = {
			isa = PBXSourcesBuildPhase;
			buildActionMask = 2147483647;
			files = (
				C03A6A742B8E5332008E8380 /* Medication_ReminderTests.swift in Sources */,
			);
			runOnlyForDeploymentPostprocessing = 0;
		};
		C03A6A752B8E5332008E8380 /* Sources */ = {
			isa = PBXSourcesBuildPhase;
			buildActionMask = 2147483647;
			files = (
				C03A6A7E2B8E5332008E8380 /* Medication_ReminderUITests.swift in Sources */,
				C03A6A802B8E5332008E8380 /* Medication_ReminderUITestsLaunchTests.swift in Sources */,
			);
			runOnlyForDeploymentPostprocessing = 0;
		};
/* End PBXSourcesBuildPhase section */

/* Begin PBXTargetDependency section */
		C03A6A712B8E5332008E8380 /* PBXTargetDependency */ = {
			isa = PBXTargetDependency;
			target = C03A6A5C2B8E5331008E8380 /* Medication Reminder */;
			targetProxy = C03A6A702B8E5332008E8380 /* PBXContainerItemProxy */;
		};
		C03A6A7B2B8E5332008E8380 /* PBXTargetDependency */ = {
			isa = PBXTargetDependency;
			target = C03A6A5C2B8E5331008E8380 /* Medication Reminder */;
			targetProxy = C03A6A7A2B8E5332008E8380 /* PBXContainerItemProxy */;
		};
/* End PBXTargetDependency section */

/* Begin XCBuildConfiguration section */
		C03A6A812B8E5332008E8380 /* Debug */ = {
			isa = XCBuildConfiguration;
			buildSettings = {
				ALWAYS_SEARCH_USER_PATHS = NO;
				ASSETCATALOG_COMPILER_GENERATE_SWIFT_ASSET_SYMBOL_EXTENSIONS = YES;
				CLANG_ANALYZER_NONNULL = YES;
				CLANG_ANALYZER_NUMBER_OBJECT_CONVERSION = YES_AGGRESSIVE;
				CLANG_CXX_LANGUAGE_STANDARD = "gnu++20";
				CLANG_ENABLE_MODULES = YES;
				CLANG_ENABLE_OBJC_ARC = YES;
				CLANG_ENABLE_OBJC_WEAK = YES;
				CLANG_WARN_BLOCK_CAPTURE_AUTORELEASING = YES;
				CLANG_WARN_BOOL_CONVERSION = YES;
				CLANG_WARN_COMMA = YES;
				CLANG_WARN_CONSTANT_CONVERSION = YES;
				CLANG_WARN_DEPRECATED_OBJC_IMPLEMENTATIONS = YES;
				CLANG_WARN_DIRECT_OBJC_ISA_USAGE = YES_ERROR;
				CLANG_WARN_DOCUMENTATION_COMMENTS = YES;
				CLANG_WARN_EMPTY_BODY = YES;
				CLANG_WARN_ENUM_CONVERSION = YES;
				CLANG_WARN_INFINITE_RECURSION = YES;
				CLANG_WARN_INT_CONVERSION = YES;
				CLANG_WARN_NON_LITERAL_NULL_CONVERSION = YES;
				CLANG_WARN_OBJC_IMPLICIT_RETAIN_SELF = YES;
				CLANG_WARN_OBJC_LITERAL_CONVERSION = YES;
				CLANG_WARN_OBJC_ROOT_CLASS = YES_ERROR;
				CLANG_WARN_QUOTED_INCLUDE_IN_FRAMEWORK_HEADER = YES;
				CLANG_WARN_RANGE_LOOP_ANALYSIS = YES;
				CLANG_WARN_STRICT_PROTOTYPES = YES;
				CLANG_WARN_SUSPICIOUS_MOVE = YES;
				CLANG_WARN_UNGUARDED_AVAILABILITY = YES_AGGRESSIVE;
				CLANG_WARN_UNREACHABLE_CODE = YES;
				CLANG_WARN__DUPLICATE_METHOD_MATCH = YES;
				COPY_PHASE_STRIP = NO;
				DEBUG_INFORMATION_FORMAT = dwarf;
				ENABLE_STRICT_OBJC_MSGSEND = YES;
				ENABLE_TESTABILITY = YES;
				ENABLE_USER_SCRIPT_SANDBOXING = YES;
				GCC_C_LANGUAGE_STANDARD = gnu17;
				GCC_DYNAMIC_NO_PIC = NO;
				GCC_NO_COMMON_BLOCKS = YES;
				GCC_OPTIMIZATION_LEVEL = 0;
				GCC_PREPROCESSOR_DEFINITIONS = (
					"DEBUG=1",
					"$(inherited)",
				);
				GCC_WARN_64_TO_32_BIT_CONVERSION = YES;
				GCC_WARN_ABOUT_RETURN_TYPE = YES_ERROR;
				GCC_WARN_UNDECLARED_SELECTOR = YES;
				GCC_WARN_UNINITIALIZED_AUTOS = YES_AGGRESSIVE;
				GCC_WARN_UNUSED_FUNCTION = YES;
				GCC_WARN_UNUSED_VARIABLE = YES;
				IPHONEOS_DEPLOYMENT_TARGET = 17.2;
				LOCALIZATION_PREFERS_STRING_CATALOGS = YES;
				MTL_ENABLE_DEBUG_INFO = INCLUDE_SOURCE;
				MTL_FAST_MATH = YES;
				ONLY_ACTIVE_ARCH = YES;
				SDKROOT = iphoneos;
				SWIFT_ACTIVE_COMPILATION_CONDITIONS = "DEBUG $(inherited)";
				SWIFT_OPTIMIZATION_LEVEL = "-Onone";
			};
			name = Debug;
		};
		C03A6A822B8E5332008E8380 /* Release */ = {
			isa = XCBuildConfiguration;
			buildSettings = {
				ALWAYS_SEARCH_USER_PATHS = NO;
				ASSETCATALOG_COMPILER_GENERATE_SWIFT_ASSET_SYMBOL_EXTENSIONS = YES;
				CLANG_ANALYZER_NONNULL = YES;
				CLANG_ANALYZER_NUMBER_OBJECT_CONVERSION = YES_AGGRESSIVE;
				CLANG_CXX_LANGUAGE_STANDARD = "gnu++20";
				CLANG_ENABLE_MODULES = YES;
				CLANG_ENABLE_OBJC_ARC = YES;
				CLANG_ENABLE_OBJC_WEAK = YES;
				CLANG_WARN_BLOCK_CAPTURE_AUTORELEASING = YES;
				CLANG_WARN_BOOL_CONVERSION = YES;
				CLANG_WARN_COMMA = YES;
				CLANG_WARN_CONSTANT_CONVERSION = YES;
				CLANG_WARN_DEPRECATED_OBJC_IMPLEMENTATIONS = YES;
				CLANG_WARN_DIRECT_OBJC_ISA_USAGE = YES_ERROR;
				CLANG_WARN_DOCUMENTATION_COMMENTS = YES;
				CLANG_WARN_EMPTY_BODY = YES;
				CLANG_WARN_ENUM_CONVERSION = YES;
				CLANG_WARN_INFINITE_RECURSION = YES;
				CLANG_WARN_INT_CONVERSION = YES;
				CLANG_WARN_NON_LITERAL_NULL_CONVERSION = YES;
				CLANG_WARN_OBJC_IMPLICIT_RETAIN_SELF = YES;
				CLANG_WARN_OBJC_LITERAL_CONVERSION = YES;
				CLANG_WARN_OBJC_ROOT_CLASS = YES_ERROR;
				CLANG_WARN_QUOTED_INCLUDE_IN_FRAMEWORK_HEADER = YES;
				CLANG_WARN_RANGE_LOOP_ANALYSIS = YES;
				CLANG_WARN_STRICT_PROTOTYPES = YES;
				CLANG_WARN_SUSPICIOUS_MOVE = YES;
				CLANG_WARN_UNGUARDED_AVAILABILITY = YES_AGGRESSIVE;
				CLANG_WARN_UNREACHABLE_CODE = YES;
				CLANG_WARN__DUPLICATE_METHOD_MATCH = YES;
				COPY_PHASE_STRIP = NO;
				DEBUG_INFORMATION_FORMAT = "dwarf-with-dsym";
				ENABLE_NS_ASSERTIONS = NO;
				ENABLE_STRICT_OBJC_MSGSEND = YES;
				ENABLE_USER_SCRIPT_SANDBOXING = YES;
				GCC_C_LANGUAGE_STANDARD = gnu17;
				GCC_NO_COMMON_BLOCKS = YES;
				GCC_WARN_64_TO_32_BIT_CONVERSION = YES;
				GCC_WARN_ABOUT_RETURN_TYPE = YES_ERROR;
				GCC_WARN_UNDECLARED_SELECTOR = YES;
				GCC_WARN_UNINITIALIZED_AUTOS = YES_AGGRESSIVE;
				GCC_WARN_UNUSED_FUNCTION = YES;
				GCC_WARN_UNUSED_VARIABLE = YES;
				IPHONEOS_DEPLOYMENT_TARGET = 17.2;
				LOCALIZATION_PREFERS_STRING_CATALOGS = YES;
				MTL_ENABLE_DEBUG_INFO = NO;
				MTL_FAST_MATH = YES;
				SDKROOT = iphoneos;
				SWIFT_COMPILATION_MODE = wholemodule;
				VALIDATE_PRODUCT = YES;
			};
			name = Release;
		};
		C03A6A842B8E5332008E8380 /* Debug */ = {
			isa = XCBuildConfiguration;
			buildSettings = {
				ASSETCATALOG_COMPILER_APPICON_NAME = AppIcon;
				ASSETCATALOG_COMPILER_GLOBAL_ACCENT_COLOR_NAME = AccentColor;
				CODE_SIGN_IDENTITY = "Apple Development";
				CODE_SIGN_STYLE = Automatic;
				CURRENT_PROJECT_VERSION = 1;
				DEVELOPMENT_ASSET_PATHS = "\"Medication Reminder/Preview Content\"";
				DEVELOPMENT_TEAM = "";
				ENABLE_PREVIEWS = YES;
				GENERATE_INFOPLIST_FILE = YES;
				INFOPLIST_FILE = "Medication-Reminder-Info.plist";
				INFOPLIST_KEY_UIApplicationSceneManifest_Generation = YES;
				INFOPLIST_KEY_UIApplicationSupportsIndirectInputEvents = YES;
				INFOPLIST_KEY_UILaunchScreen_Generation = YES;
				INFOPLIST_KEY_UISupportedInterfaceOrientations_iPad = "UIInterfaceOrientationPortrait UIInterfaceOrientationPortraitUpsideDown UIInterfaceOrientationLandscapeLeft UIInterfaceOrientationLandscapeRight";
				INFOPLIST_KEY_UISupportedInterfaceOrientations_iPhone = "UIInterfaceOrientationPortrait UIInterfaceOrientationLandscapeLeft UIInterfaceOrientationLandscapeRight";
				IPHONEOS_DEPLOYMENT_TARGET = 17.2;
				LD_RUNPATH_SEARCH_PATHS = (
					"$(inherited)",
					"@executable_path/Frameworks",
				);
				MARKETING_VERSION = 1.0;
				PRODUCT_NAME = "$(TARGET_NAME)";
				PROVISIONING_PROFILE_SPECIFIER = "";
				SWIFT_EMIT_LOC_STRINGS = YES;
				SWIFT_VERSION = 5.0;
				TARGETED_DEVICE_FAMILY = "1,2";
			};
			name = Debug;
		};
		C03A6A852B8E5332008E8380 /* Release */ = {
			isa = XCBuildConfiguration;
			buildSettings = {
				ASSETCATALOG_COMPILER_APPICON_NAME = AppIcon;
				ASSETCATALOG_COMPILER_GLOBAL_ACCENT_COLOR_NAME = AccentColor;
				CODE_SIGN_IDENTITY = "Apple Development";
				CODE_SIGN_STYLE = Automatic;
				CURRENT_PROJECT_VERSION = 1;
				DEVELOPMENT_ASSET_PATHS = "\"Medication Reminder/Preview Content\"";
				DEVELOPMENT_TEAM = "";
				ENABLE_PREVIEWS = YES;
				GENERATE_INFOPLIST_FILE = YES;
				INFOPLIST_FILE = "Medication-Reminder-Info.plist";
				INFOPLIST_KEY_UIApplicationSceneManifest_Generation = YES;
				INFOPLIST_KEY_UIApplicationSupportsIndirectInputEvents = YES;
				INFOPLIST_KEY_UILaunchScreen_Generation = YES;
				INFOPLIST_KEY_UISupportedInterfaceOrientations_iPad = "UIInterfaceOrientationPortrait UIInterfaceOrientationPortraitUpsideDown UIInterfaceOrientationLandscapeLeft UIInterfaceOrientationLandscapeRight";
				INFOPLIST_KEY_UISupportedInterfaceOrientations_iPhone = "UIInterfaceOrientationPortrait UIInterfaceOrientationLandscapeLeft UIInterfaceOrientationLandscapeRight";
				IPHONEOS_DEPLOYMENT_TARGET = 17.2;
				LD_RUNPATH_SEARCH_PATHS = (
					"$(inherited)",
					"@executable_path/Frameworks",
				);
				MARKETING_VERSION = 1.0;
				PRODUCT_NAME = "$(TARGET_NAME)";
				PROVISIONING_PROFILE_SPECIFIER = "";
				SWIFT_EMIT_LOC_STRINGS = YES;
				SWIFT_VERSION = 5.0;
				TARGETED_DEVICE_FAMILY = "1,2";
			};
			name = Release;
		};
		C03A6A872B8E5332008E8380 /* Debug */ = {
			isa = XCBuildConfiguration;
			buildSettings = {
				ALWAYS_EMBED_SWIFT_STANDARD_LIBRARIES = YES;
				BUNDLE_LOADER = "$(TEST_HOST)";
				CODE_SIGN_STYLE = Manual;
				CURRENT_PROJECT_VERSION = 1;
				DEVELOPMENT_TEAM = "";
				GENERATE_INFOPLIST_FILE = YES;
				IPHONEOS_DEPLOYMENT_TARGET = 17.2;
				MARKETING_VERSION = 1.0;
				PRODUCT_NAME = "$(TARGET_NAME)";
				PROVISIONING_PROFILE_SPECIFIER = "";
				SWIFT_EMIT_LOC_STRINGS = NO;
				SWIFT_VERSION = 5.0;
				TARGETED_DEVICE_FAMILY = "1,2";
				TEST_HOST = "$(BUILT_PRODUCTS_DIR)/Medication Reminder.app/$(BUNDLE_EXECUTABLE_FOLDER_PATH)/Medication Reminder";
			};
			name = Debug;
		};
		C03A6A882B8E5332008E8380 /* Release */ = {
			isa = XCBuildConfiguration;
			buildSettings = {
				ALWAYS_EMBED_SWIFT_STANDARD_LIBRARIES = YES;
				BUNDLE_LOADER = "$(TEST_HOST)";
				CODE_SIGN_STYLE = Manual;
				CURRENT_PROJECT_VERSION = 1;
				DEVELOPMENT_TEAM = "";
				GENERATE_INFOPLIST_FILE = YES;
				IPHONEOS_DEPLOYMENT_TARGET = 17.2;
				MARKETING_VERSION = 1.0;
				PRODUCT_NAME = "$(TARGET_NAME)";
				PROVISIONING_PROFILE_SPECIFIER = "";
				SWIFT_EMIT_LOC_STRINGS = NO;
				SWIFT_VERSION = 5.0;
				TARGETED_DEVICE_FAMILY = "1,2";
				TEST_HOST = "$(BUILT_PRODUCTS_DIR)/Medication Reminder.app/$(BUNDLE_EXECUTABLE_FOLDER_PATH)/Medication Reminder";
			};
			name = Release;
		};
		C03A6A8A2B8E5332008E8380 /* Debug */ = {
			isa = XCBuildConfiguration;
			buildSettings = {
				ALWAYS_EMBED_SWIFT_STANDARD_LIBRARIES = YES;
				CODE_SIGN_STYLE = Manual;
				CURRENT_PROJECT_VERSION = 1;
				DEVELOPMENT_TEAM = "";
				GENERATE_INFOPLIST_FILE = YES;
				MARKETING_VERSION = 1.0;
				PRODUCT_NAME = "$(TARGET_NAME)";
				PROVISIONING_PROFILE_SPECIFIER = "";
				SWIFT_EMIT_LOC_STRINGS = NO;
				SWIFT_VERSION = 5.0;
				TARGETED_DEVICE_FAMILY = "1,2";
				TEST_TARGET_NAME = "Medication Reminder";
			};
			name = Debug;
		};
		C03A6A8B2B8E5332008E8380 /* Release */ = {
			isa = XCBuildConfiguration;
			buildSettings = {
				ALWAYS_EMBED_SWIFT_STANDARD_LIBRARIES = YES;
				CODE_SIGN_STYLE = Manual;
				CURRENT_PROJECT_VERSION = 1;
				DEVELOPMENT_TEAM = "";
				GENERATE_INFOPLIST_FILE = YES;
				MARKETING_VERSION = 1.0;
				PRODUCT_NAME = "$(TARGET_NAME)";
				PROVISIONING_PROFILE_SPECIFIER = "";
				SWIFT_EMIT_LOC_STRINGS = NO;
				SWIFT_VERSION = 5.0;
				TARGETED_DEVICE_FAMILY = "1,2";
				TEST_TARGET_NAME = "Medication Reminder";
			};
			name = Release;
		};
/* End XCBuildConfiguration section */

/* Begin XCConfigurationList section */
		C03A6A582B8E5331008E8380 /* Build configuration list for PBXProject "Medication Reminder" */ = {
			isa = XCConfigurationList;
			buildConfigurations = (
				C03A6A812B8E5332008E8380 /* Debug */,
				C03A6A822B8E5332008E8380 /* Release */,
			);
			defaultConfigurationIsVisible = 0;
			defaultConfigurationName = Release;
		};
		C03A6A832B8E5332008E8380 /* Build configuration list for PBXNativeTarget "Medication Reminder" */ = {
			isa = XCConfigurationList;
			buildConfigurations = (
				C03A6A842B8E5332008E8380 /* Debug */,
				C03A6A852B8E5332008E8380 /* Release */,
			);
			defaultConfigurationIsVisible = 0;
			defaultConfigurationName = Release;
		};
		C03A6A862B8E5332008E8380 /* Build configuration list for PBXNativeTarget "Medication ReminderTests" */ = {
			isa = XCConfigurationList;
			buildConfigurations = (
				C03A6A872B8E5332008E8380 /* Debug */,
				C03A6A882B8E5332008E8380 /* Release */,
			);
			defaultConfigurationIsVisible = 0;
			defaultConfigurationName = Release;
		};
		C03A6A892B8E5332008E8380 /* Build configuration list for PBXNativeTarget "Medication ReminderUITests" */ = {
			isa = XCConfigurationList;
			buildConfigurations = (
				C03A6A8A2B8E5332008E8380 /* Debug */,
				C03A6A8B2B8E5332008E8380 /* Release */,
			);
			defaultConfigurationIsVisible = 0;
			defaultConfigurationName = Release;
		};
/* End XCConfigurationList section */
	};
	rootObject = C03A6A552B8E5331008E8380 /* Project object */;
}
